<?xml version="1.0" encoding="utf-8"?>
<Project ToolsVersion="4.0" xmlns="http://schemas.microsoft.com/developer/msbuild/2003">
  <ItemGroup>
    <Filter Include="源文件">
      <UniqueIdentifier>{4FC737F1-C7A5-4376-A066-2A32D752A2FF}</UniqueIdentifier>
      <Extensions>cpp;c;cc;cxx;def;odl;idl;hpj;bat;asm;asmx</Extensions>
    </Filter>
    <Filter Include="头文件">
      <UniqueIdentifier>{93995380-89BD-4b04-88EB-625FBE52EBFB}</UniqueIdentifier>
      <Extensions>h;hh;hpp;hxx;hm;inl;inc;xsd</Extensions>
    </Filter>
    <Filter Include="资源文件">
      <UniqueIdentifier>{67DA6AB6-F800-4c08-8B7A-83BB121AAD01}</UniqueIdentifier>
      <Extensions>rc;ico;cur;bmp;dlg;rc2;rct;bin;rgs;gif;jpg;jpeg;jpe;resx;tiff;tif;png;wav;mfcribbon-ms</Extensions>
    </Filter>
    <Filter Include="源文件\render">
      <UniqueIdentifier>{4421a633-ab80-4a23-a482-a0720811d84b}</UniqueIdentifier>
    </Filter>
    <Filter Include="源文件\other">
      <UniqueIdentifier>{ffe492c3-1cad-4558-aef4-4461aa2a31f9}</UniqueIdentifier>
    </Filter>
    <Filter Include="源文件\Capture">
      <UniqueIdentifier>{1619dd22-4a70-4a5d-807d-c216180aacaa}</UniqueIdentifier>
    </Filter>
  </ItemGroup>
  <ItemGroup>
    <ClInclude Include="global.h">
      <Filter>头文件</Filter>
    </ClInclude>
  </ItemGroup>
  <ItemGroup>
    <ClCompile Include="GTA5Style.cpp">
      <Filter>源文件\render</Filter>
    </ClCompile>
    <ClCompile Include="PencilDraw.cpp">
      <Filter>源文件\render</Filter>
    </ClCompile>
    <ClCompile Include="curve.cpp">
      <Filter>源文件\other</Filter>
    </ClCompile>
    <ClCompile Include="colorbalance.cpp">
      <Filter>源文件\other</Filter>
    </ClCompile>
    <ClCompile Include="colorspace.cpp">
      <Filter>源文件\other</Filter>
    </ClCompile>
    <ClCompile Include="cartoon.cpp">
      <Filter>源文件\render</Filter>
    </ClCompile>
    <ClCompile Include="coherencefilter.cpp">
      <Filter>源文件\render</Filter>
    </ClCompile>
    <ClCompile Include="linedrawing.cpp">
      <Filter>源文件\render</Filter>
    </ClCompile>
    <ClCompile Include="edgetangentflow.cpp">
      <Filter>源文件\other</Filter>
    </ClCompile>
    <ClCompile Include="dermabrasion.cpp">
      <Filter>源文件\render</Filter>
    </ClCompile>
    <ClCompile Include="oilpaint.cpp">
      <Filter>源文件\render</Filter>
    </ClCompile>
    <ClCompile Include="mtxxoilpaint.cpp">
      <Filter>源文件\render</Filter>
    </ClCompile>
    <ClCompile Include="mtxxcq.cpp">
      <Filter>源文件\render</Filter>
    </ClCompile>
    <ClCompile Include="mtxxlifesketch.cpp">
      <Filter>源文件\render</Filter>
    </ClCompile>
    <ClCompile Include="watercolor.cpp">
      <Filter>源文件\render</Filter>
    </ClCompile>
    <ClCompile Include="sethue.cpp">
      <Filter>源文件\render</Filter>
    </ClCompile>
    <ClCompile Include="SetSaturation.cpp">
      <Filter>源文件\render</Filter>
    </ClCompile>
    <ClCompile Include="carving.cpp">
      <Filter>源文件\render</Filter>
    </ClCompile>
    <ClCompile Include="Cartoon2.cpp">
      <Filter>源文件\render</Filter>
    </ClCompile>
    <ClCompile Include="Quban.cpp">
      <Filter>源文件\render</Filter>
    </ClCompile>
    <ClCompile Include="Maoboli.cpp">
      <Filter>源文件\render</Filter>
    </ClCompile>
    <ClCompile Include="mosaic.cpp">
      <Filter>源文件\render</Filter>
    </ClCompile>
    <ClCompile Include="CaptureSender.cpp">
      <Filter>源文件\Capture</Filter>
    </ClCompile>
    <ClCompile Include="Filter.cpp">
      <Filter>源文件\render</Filter>
    </ClCompile>
    <ClCompile Include="ascii.cpp">
      <Filter>源文件\render</Filter>
    </ClCompile>
    <ClCompile Include="GetFaceKeyPoint.cpp">
      <Filter>源文件\Capture</Filter>
    </ClCompile>
    <ClCompile Include="cvfilter.cpp">
      <Filter>源文件\render</Filter>
    </ClCompile>
    <ClCompile Include="fenbi.cpp">
      <Filter>源文件\render</Filter>
    </ClCompile>
    <ClCompile Include="LowPoly.cpp">
      <Filter>源文件\render</Filter>
    </ClCompile>
    <ClCompile Include="line.cpp">
      <Filter>源文件\render</Filter>
    </ClCompile>
    <ClCompile Include="ColorReduce.cpp">
      <Filter>源文件\render</Filter>
    </ClCompile>
    <ClCompile Include="shan.cpp">
      <Filter>源文件\render</Filter>
    </ClCompile>
  </ItemGroup>
</Project>